
Microsoft Visual Studio Solution File, Format Version 12.00
# Visual Studio Version 17
VisualStudioVersion = 17.0.32014.148
MinimumVisualStudioVersion = 10.0.40219.1
Project("{FAE04EC0-301F-11D3-BF4B-00C04F79EFBC}") = "Classes_Nome", "Classes_Nome\Classes_Nome.csproj", "{DBB7BA1B-95B0-492C-B52C-BD1C9327EC8B}"
EndProject
Global
	GlobalSection(SolutionConfigurationPlatforms) = preSolution
		Debug|Any CPU = Debug|Any CPU
		Release|Any CPU = Release|Any CPU
	EndGlobalSection
	GlobalSection(ProjectConfigurationPlatforms) = postSolution
		{DBB7BA1B-95B0-492C-B52C-BD1C9327EC8B}.Debug|Any CPU.ActiveCfg = Debug|Any CPU
		{DBB7BA1B-95B0-492C-B52C-BD1C9327EC8B}.Debug|Any CPU.Build.0 = Debug|Any CPU
		{DBB7BA1B-95B0-492C-B52C-BD1C9327EC8B}.Release|Any CPU.ActiveCfg = Release|Any CPU
		{DBB7BA1B-95B0-492C-B52C-BD1C9327EC8B}.Release|Any CPU.Build.0 = Release|Any CPU
	EndGlobalSection
	GlobalSection(SolutionProperties) = preSolution
		HideSolutionNode = FALSE
	EndGlobalSection
	GlobalSection(ExtensibilityGlobals) = postSolution
		SolutionGuid = {49C938E6-4B66-461A-8296-9F54B167F111}
	EndGlobalSection
EndGlobal
